
Microsoft Visual Studio Solution File, Format Version 12.00
# Visual Studio Version 17
VisualStudioVersion = 17.4.33122.133
MinimumVisualStudioVersion = 10.0.40219.1
Project("{FAE04EC0-301F-11D3-BF4B-00C04F79EFBC}") = "Part_013_Vivod_Massiva", "Part_013_Vivod_Massiva\Part_013_Vivod_Massiva.csproj", "{F6D78719-E291-457C-8AA6-78741AFDAF15}"
EndProject
Global
	GlobalSection(SolutionConfigurationPlatforms) = preSolution
		Debug|Any CPU = Debug|Any CPU
		Release|Any CPU = Release|Any CPU
	EndGlobalSection
	GlobalSection(ProjectConfigurationPlatforms) = postSolution
		{F6D78719-E291-457C-8AA6-78741AFDAF15}.Debug|Any CPU.ActiveCfg = Debug|Any CPU
		{F6D78719-E291-457C-8AA6-78741AFDAF15}.Debug|Any CPU.Build.0 = Debug|Any CPU
		{F6D78719-E291-457C-8AA6-78741AFDAF15}.Release|Any CPU.ActiveCfg = Release|Any CPU
		{F6D78719-E291-457C-8AA6-78741AFDAF15}.Release|Any CPU.Build.0 = Release|Any CPU
	EndGlobalSection
	GlobalSection(SolutionProperties) = preSolution
		HideSolutionNode = FALSE
	EndGlobalSection
	GlobalSection(ExtensibilityGlobals) = postSolution
		SolutionGuid = {C09CAB2D-3638-48A5-B03F-794F77E05003}
	EndGlobalSection
EndGlobal
