
Microsoft Visual Studio Solution File, Format Version 12.00
# Visual Studio Version 17
VisualStudioVersion = 17.4.33122.133
MinimumVisualStudioVersion = 10.0.40219.1
Project("{FAE04EC0-301F-11D3-BF4B-00C04F79EFBC}") = "Part_024_Akerman", "Part_024_Akerman\Part_024_Akerman.csproj", "{F5AC6D39-E677-4BE2-9913-CED4FFFF7873}"
EndProject
Global
	GlobalSection(SolutionConfigurationPlatforms) = preSolution
		Debug|Any CPU = Debug|Any CPU
		Release|Any CPU = Release|Any CPU
	EndGlobalSection
	GlobalSection(ProjectConfigurationPlatforms) = postSolution
		{F5AC6D39-E677-4BE2-9913-CED4FFFF7873}.Debug|Any CPU.ActiveCfg = Debug|Any CPU
		{F5AC6D39-E677-4BE2-9913-CED4FFFF7873}.Debug|Any CPU.Build.0 = Debug|Any CPU
		{F5AC6D39-E677-4BE2-9913-CED4FFFF7873}.Release|Any CPU.ActiveCfg = Release|Any CPU
		{F5AC6D39-E677-4BE2-9913-CED4FFFF7873}.Release|Any CPU.Build.0 = Release|Any CPU
	EndGlobalSection
	GlobalSection(SolutionProperties) = preSolution
		HideSolutionNode = FALSE
	EndGlobalSection
	GlobalSection(ExtensibilityGlobals) = postSolution
		SolutionGuid = {407B4AA8-C48D-488D-B44E-A3A172704829}
	EndGlobalSection
EndGlobal
