
Microsoft Visual Studio Solution File, Format Version 12.00
# Visual Studio Version 17
VisualStudioVersion = 17.4.33122.133
MinimumVisualStudioVersion = 10.0.40219.1
Project("{FAE04EC0-301F-11D3-BF4B-00C04F79EFBC}") = "Parts_016_Massiv_S_Plav_Tochkoy", "Parts_016_Massiv_S_Plav_Tochkoy\Parts_016_Massiv_S_Plav_Tochkoy.csproj", "{B5AE244B-28C7-460E-9A47-D300E4364036}"
EndProject
Global
	GlobalSection(SolutionConfigurationPlatforms) = preSolution
		Debug|Any CPU = Debug|Any CPU
		Release|Any CPU = Release|Any CPU
	EndGlobalSection
	GlobalSection(ProjectConfigurationPlatforms) = postSolution
		{B5AE244B-28C7-460E-9A47-D300E4364036}.Debug|Any CPU.ActiveCfg = Debug|Any CPU
		{B5AE244B-28C7-460E-9A47-D300E4364036}.Debug|Any CPU.Build.0 = Debug|Any CPU
		{B5AE244B-28C7-460E-9A47-D300E4364036}.Release|Any CPU.ActiveCfg = Release|Any CPU
		{B5AE244B-28C7-460E-9A47-D300E4364036}.Release|Any CPU.Build.0 = Release|Any CPU
	EndGlobalSection
	GlobalSection(SolutionProperties) = preSolution
		HideSolutionNode = FALSE
	EndGlobalSection
	GlobalSection(ExtensibilityGlobals) = postSolution
		SolutionGuid = {E5C7FE5D-437C-4A56-98AD-1B420B3EB315}
	EndGlobalSection
EndGlobal
