
Microsoft Visual Studio Solution File, Format Version 12.00
# Visual Studio Version 17
VisualStudioVersion = 17.4.33122.133
MinimumVisualStudioVersion = 10.0.40219.1
Project("{FAE04EC0-301F-11D3-BF4B-00C04F79EFBC}") = "Part_009_3D_Proekt", "Part_009_3D_Proekt\Part_009_3D_Proekt.csproj", "{B892A2C2-742F-4D3B-BC1E-71A8F0496BB5}"
EndProject
Global
	GlobalSection(SolutionConfigurationPlatforms) = preSolution
		Debug|Any CPU = Debug|Any CPU
		Release|Any CPU = Release|Any CPU
	EndGlobalSection
	GlobalSection(ProjectConfigurationPlatforms) = postSolution
		{B892A2C2-742F-4D3B-BC1E-71A8F0496BB5}.Debug|Any CPU.ActiveCfg = Debug|Any CPU
		{B892A2C2-742F-4D3B-BC1E-71A8F0496BB5}.Debug|Any CPU.Build.0 = Debug|Any CPU
		{B892A2C2-742F-4D3B-BC1E-71A8F0496BB5}.Release|Any CPU.ActiveCfg = Release|Any CPU
		{B892A2C2-742F-4D3B-BC1E-71A8F0496BB5}.Release|Any CPU.Build.0 = Release|Any CPU
	EndGlobalSection
	GlobalSection(SolutionProperties) = preSolution
		HideSolutionNode = FALSE
	EndGlobalSection
	GlobalSection(ExtensibilityGlobals) = postSolution
		SolutionGuid = {65B7D8B3-5EB6-4905-B9A8-FCBE5315B095}
	EndGlobalSection
EndGlobal
