
Microsoft Visual Studio Solution File, Format Version 12.00
# Visual Studio Version 17
VisualStudioVersion = 17.4.33122.133
MinimumVisualStudioVersion = 10.0.40219.1
Project("{FAE04EC0-301F-11D3-BF4B-00C04F79EFBC}") = "Part_007_palindrom", "Part_007_palindrom\Part_007_palindrom.csproj", "{4E7EF58E-7997-4B3C-BEF2-E9E14DCFF4C7}"
EndProject
Global
	GlobalSection(SolutionConfigurationPlatforms) = preSolution
		Debug|Any CPU = Debug|Any CPU
		Release|Any CPU = Release|Any CPU
	EndGlobalSection
	GlobalSection(ProjectConfigurationPlatforms) = postSolution
		{4E7EF58E-7997-4B3C-BEF2-E9E14DCFF4C7}.Debug|Any CPU.ActiveCfg = Debug|Any CPU
		{4E7EF58E-7997-4B3C-BEF2-E9E14DCFF4C7}.Debug|Any CPU.Build.0 = Debug|Any CPU
		{4E7EF58E-7997-4B3C-BEF2-E9E14DCFF4C7}.Release|Any CPU.ActiveCfg = Release|Any CPU
		{4E7EF58E-7997-4B3C-BEF2-E9E14DCFF4C7}.Release|Any CPU.Build.0 = Release|Any CPU
	EndGlobalSection
	GlobalSection(SolutionProperties) = preSolution
		HideSolutionNode = FALSE
	EndGlobalSection
	GlobalSection(ExtensibilityGlobals) = postSolution
		SolutionGuid = {A17CBD07-3A4B-4500-955C-955E0A71F8E1}
	EndGlobalSection
EndGlobal
