
Microsoft Visual Studio Solution File, Format Version 12.00
# Visual Studio Version 17
VisualStudioVersion = 17.4.33122.133
MinimumVisualStudioVersion = 10.0.40219.1
Project("{FAE04EC0-301F-11D3-BF4B-00C04F79EFBC}") = "Part_015_Massiv_S_Sum_Nexhetnih", "Part_015_Massiv_S_Sum_Nexhetnih\Part_015_Massiv_S_Sum_Nexhetnih.csproj", "{F0A76D2F-07B0-430E-96C6-B959AC31F564}"
EndProject
Global
	GlobalSection(SolutionConfigurationPlatforms) = preSolution
		Debug|Any CPU = Debug|Any CPU
		Release|Any CPU = Release|Any CPU
	EndGlobalSection
	GlobalSection(ProjectConfigurationPlatforms) = postSolution
		{F0A76D2F-07B0-430E-96C6-B959AC31F564}.Debug|Any CPU.ActiveCfg = Debug|Any CPU
		{F0A76D2F-07B0-430E-96C6-B959AC31F564}.Debug|Any CPU.Build.0 = Debug|Any CPU
		{F0A76D2F-07B0-430E-96C6-B959AC31F564}.Release|Any CPU.ActiveCfg = Release|Any CPU
		{F0A76D2F-07B0-430E-96C6-B959AC31F564}.Release|Any CPU.Build.0 = Release|Any CPU
	EndGlobalSection
	GlobalSection(SolutionProperties) = preSolution
		HideSolutionNode = FALSE
	EndGlobalSection
	GlobalSection(ExtensibilityGlobals) = postSolution
		SolutionGuid = {33DDC3E1-7206-4F3E-BA7A-0185FE8D1BC6}
	EndGlobalSection
EndGlobal
